
Microsoft Visual Studio Solution File, Format Version 12.00
# Visual Studio Version 17
VisualStudioVersion = 17.10.35027.167
MinimumVisualStudioVersion = 10.0.40219.1
Project("{FAE04EC0-301F-11D3-BF4B-00C04F79EFBC}") = "BookStore", "BookStore\BookStore.csproj", "{7E4AAD0F-DADA-476E-B490-D154E78EBC6A}"
EndProject
Global
	GlobalSection(SolutionConfigurationPlatforms) = preSolution
		Debug|Any CPU = Debug|Any CPU
		Release|Any CPU = Release|Any CPU
	EndGlobalSection
	GlobalSection(ProjectConfigurationPlatforms) = postSolution
		{7E4AAD0F-DADA-476E-B490-D154E78EBC6A}.Debug|Any CPU.ActiveCfg = Debug|Any CPU
		{7E4AAD0F-DADA-476E-B490-D154E78EBC6A}.Debug|Any CPU.Build.0 = Debug|Any CPU
		{7E4AAD0F-DADA-476E-B490-D154E78EBC6A}.Release|Any CPU.ActiveCfg = Release|Any CPU
		{7E4AAD0F-DADA-476E-B490-D154E78EBC6A}.Release|Any CPU.Build.0 = Release|Any CPU
	EndGlobalSection
	GlobalSection(SolutionProperties) = preSolution
		HideSolutionNode = FALSE
	EndGlobalSection
	GlobalSection(ExtensibilityGlobals) = postSolution
		SolutionGuid = {04333A74-18D9-460A-A2BF-8C135DB195FE}
	EndGlobalSection
EndGlobal
